// !$*UTF8*$!
{
	archiveVersion = 1;
	classes = {
	};
	objectVersion = 50;
	objects = {

/* Begin PBXBuildFile section */
		032D289423BAC1860058C07F /* Constants.swift in Sources */ = {isa = PBXBuildFile; fileRef = 032D289323BAC1860058C07F /* Constants.swift */; };
		033A2DEF23BA94C60070216A /* DragTools.swift in Sources */ = {isa = PBXBuildFile; fileRef = 033A2DEE23BA94C60070216A /* DragTools.swift */; };
		034F78D62364CC1D0074218D /* AspectFillImageView.swift in Sources */ = {isa = PBXBuildFile; fileRef = 034F78D52364CC1D0074218D /* AspectFillImageView.swift */; };
		034F7918236642EC0074218D /* ffmpeg in Resources */ = {isa = PBXBuildFile; fileRef = 03A936DA235DDF06001D3221 /* ffmpeg */; };
		034F791A236644780074218D /* ffmpeg.entitlements in Resources */ = {isa = PBXBuildFile; fileRef = 034F7919236644780074218D /* ffmpeg.entitlements */; };
		036371132363DA4800858441 /* GifCollectionViewItem.swift in Sources */ = {isa = PBXBuildFile; fileRef = 036371112363DA4800858441 /* GifCollectionViewItem.swift */; };
		036371142363DA4800858441 /* GifCollectionViewItem.xib in Resources */ = {isa = PBXBuildFile; fileRef = 036371122363DA4800858441 /* GifCollectionViewItem.xib */; };
		036371162363E3E300858441 /* DragImageView.swift in Sources */ = {isa = PBXBuildFile; fileRef = 036371152363E3E300858441 /* DragImageView.swift */; };
		039F3F1823606C6900BBD069 /* GifTools.swift in Sources */ = {isa = PBXBuildFile; fileRef = 039F3F1723606C6900BBD069 /* GifTools.swift */; };
		039F3F1A23606DBC00BBD069 /* DropView.swift in Sources */ = {isa = PBXBuildFile; fileRef = 039F3F1923606DBC00BBD069 /* DropView.swift */; };
		03A936AD235DD8A7001D3221 /* AppDelegate.swift in Sources */ = {isa = PBXBuildFile; fileRef = 03A936AC235DD8A7001D3221 /* AppDelegate.swift */; };
		03A936B1235DD8A8001D3221 /* Assets.xcassets in Resources */ = {isa = PBXBuildFile; fileRef = 03A936B0235DD8A8001D3221 /* Assets.xcassets */; };
		03A936B4235DD8A8001D3221 /* Main.storyboard in Resources */ = {isa = PBXBuildFile; fileRef = 03A936B2235DD8A8001D3221 /* Main.storyboard */; };
		03A936C0235DD8A8001D3221 /* CrunchyGIFTests.swift in Sources */ = {isa = PBXBuildFile; fileRef = 03A936BF235DD8A8001D3221 /* CrunchyGIFTests.swift */; };
		03A936CB235DD8A8001D3221 /* CrunchyGIFUITests.swift in Sources */ = {isa = PBXBuildFile; fileRef = 03A936CA235DD8A8001D3221 /* CrunchyGIFUITests.swift */; };
		03A936D9235DDB4B001D3221 /* DashboardViewController.swift in Sources */ = {isa = PBXBuildFile; fileRef = 03A936D8235DDB4B001D3221 /* DashboardViewController.swift */; };
		03D33E3C23BB0014009D08CA /* ProgressViewController.swift in Sources */ = {isa = PBXBuildFile; fileRef = 03D33E3B23BB0014009D08CA /* ProgressViewController.swift */; };
		03D33E3F23BBB688009D08CA /* SettingsViewController.swift in Sources */ = {isa = PBXBuildFile; fileRef = 03D33E3D23BBB688009D08CA /* SettingsViewController.swift */; };
		03D33E4223C41A5B009D08CA /* AsyncOperation.swift in Sources */ = {isa = PBXBuildFile; fileRef = 03D33E4123C41A5B009D08CA /* AsyncOperation.swift */; };
		03D33E4423C41ABB009D08CA /* GifOperation.swift in Sources */ = {isa = PBXBuildFile; fileRef = 03D33E4323C41ABB009D08CA /* GifOperation.swift */; };
		03D33E4623C4371B009D08CA /* MovDocument.swift in Sources */ = {isa = PBXBuildFile; fileRef = 03D33E4523C4371B009D08CA /* MovDocument.swift */; };
/* End PBXBuildFile section */

/* Begin PBXContainerItemProxy section */
		03A936BC235DD8A8001D3221 /* PBXContainerItemProxy */ = {
			isa = PBXContainerItemProxy;
			containerPortal = 03A936A1235DD8A7001D3221 /* Project object */;
			proxyType = 1;
			remoteGlobalIDString = 03A936A8235DD8A7001D3221;
			remoteInfo = CrunchyGIF;
		};
		03A936C7235DD8A8001D3221 /* PBXContainerItemProxy */ = {
			isa = PBXContainerItemProxy;
			containerPortal = 03A936A1235DD8A7001D3221 /* Project object */;
			proxyType = 1;
			remoteGlobalIDString = 03A936A8235DD8A7001D3221;
			remoteInfo = CrunchyGIF;
		};
/* End PBXContainerItemProxy section */

/* Begin PBXFileReference section */
		032D289323BAC1860058C07F /* Constants.swift */ = {isa = PBXFileReference; lastKnownFileType = sourcecode.swift; path = Constants.swift; sourceTree = "<group>"; };
		033A2DEE23BA94C60070216A /* DragTools.swift */ = {isa = PBXFileReference; lastKnownFileType = sourcecode.swift; path = DragTools.swift; sourceTree = "<group>"; };
		034F78D52364CC1D0074218D /* AspectFillImageView.swift */ = {isa = PBXFileReference; lastKnownFileType = sourcecode.swift; path = AspectFillImageView.swift; sourceTree = "<group>"; };
		034F7919236644780074218D /* ffmpeg.entitlements */ = {isa = PBXFileReference; lastKnownFileType = text.plist.entitlements; path = ffmpeg.entitlements; sourceTree = "<group>"; };
		036371112363DA4800858441 /* GifCollectionViewItem.swift */ = {isa = PBXFileReference; lastKnownFileType = sourcecode.swift; path = GifCollectionViewItem.swift; sourceTree = "<group>"; };
		036371122363DA4800858441 /* GifCollectionViewItem.xib */ = {isa = PBXFileReference; lastKnownFileType = file.xib; path = GifCollectionViewItem.xib; sourceTree = "<group>"; };
		036371152363E3E300858441 /* DragImageView.swift */ = {isa = PBXFileReference; lastKnownFileType = sourcecode.swift; path = DragImageView.swift; sourceTree = "<group>"; };
		039F3F1723606C6900BBD069 /* GifTools.swift */ = {isa = PBXFileReference; lastKnownFileType = sourcecode.swift; path = GifTools.swift; sourceTree = "<group>"; };
		039F3F1923606DBC00BBD069 /* DropView.swift */ = {isa = PBXFileReference; lastKnownFileType = sourcecode.swift; path = DropView.swift; sourceTree = "<group>"; };
		03A936A9235DD8A7001D3221 /* CrunchyGIF.app */ = {isa = PBXFileReference; explicitFileType = wrapper.application; includeInIndex = 0; path = CrunchyGIF.app; sourceTree = BUILT_PRODUCTS_DIR; };
		03A936AC235DD8A7001D3221 /* AppDelegate.swift */ = {isa = PBXFileReference; lastKnownFileType = sourcecode.swift; path = AppDelegate.swift; sourceTree = "<group>"; };
		03A936B0235DD8A8001D3221 /* Assets.xcassets */ = {isa = PBXFileReference; lastKnownFileType = folder.assetcatalog; path = Assets.xcassets; sourceTree = "<group>"; };
		03A936B3235DD8A8001D3221 /* Base */ = {isa = PBXFileReference; lastKnownFileType = file.storyboard; name = Base; path = Base.lproj/Main.storyboard; sourceTree = "<group>"; };
		03A936B5235DD8A8001D3221 /* Info.plist */ = {isa = PBXFileReference; lastKnownFileType = text.plist.xml; path = Info.plist; sourceTree = "<group>"; };
		03A936B6235DD8A8001D3221 /* CrunchyGIF.entitlements */ = {isa = PBXFileReference; lastKnownFileType = text.plist.entitlements; path = CrunchyGIF.entitlements; sourceTree = "<group>"; };
		03A936BB235DD8A8001D3221 /* CrunchyGIFTests.xctest */ = {isa = PBXFileReference; explicitFileType = wrapper.cfbundle; includeInIndex = 0; path = CrunchyGIFTests.xctest; sourceTree = BUILT_PRODUCTS_DIR; };
		03A936BF235DD8A8001D3221 /* CrunchyGIFTests.swift */ = {isa = PBXFileReference; lastKnownFileType = sourcecode.swift; path = CrunchyGIFTests.swift; sourceTree = "<group>"; };
		03A936C1235DD8A8001D3221 /* Info.plist */ = {isa = PBXFileReference; lastKnownFileType = text.plist.xml; path = Info.plist; sourceTree = "<group>"; };
		03A936C6235DD8A8001D3221 /* CrunchyGIFUITests.xctest */ = {isa = PBXFileReference; explicitFileType = wrapper.cfbundle; includeInIndex = 0; path = CrunchyGIFUITests.xctest; sourceTree = BUILT_PRODUCTS_DIR; };
		03A936CA235DD8A8001D3221 /* CrunchyGIFUITests.swift */ = {isa = PBXFileReference; lastKnownFileType = sourcecode.swift; path = CrunchyGIFUITests.swift; sourceTree = "<group>"; };
		03A936CC235DD8A8001D3221 /* Info.plist */ = {isa = PBXFileReference; lastKnownFileType = text.plist.xml; path = Info.plist; sourceTree = "<group>"; };
		03A936D8235DDB4B001D3221 /* DashboardViewController.swift */ = {isa = PBXFileReference; lastKnownFileType = sourcecode.swift; path = DashboardViewController.swift; sourceTree = "<group>"; };
		03A936DA235DDF06001D3221 /* ffmpeg */ = {isa = PBXFileReference; lastKnownFileType = "compiled.mach-o.executable"; path = ffmpeg; sourceTree = "<group>"; };
		03D33E3B23BB0014009D08CA /* ProgressViewController.swift */ = {isa = PBXFileReference; lastKnownFileType = sourcecode.swift; path = ProgressViewController.swift; sourceTree = "<group>"; };
		03D33E3D23BBB688009D08CA /* SettingsViewController.swift */ = {isa = PBXFileReference; lastKnownFileType = sourcecode.swift; path = SettingsViewController.swift; sourceTree = "<group>"; };
		03D33E4123C41A5B009D08CA /* AsyncOperation.swift */ = {isa = PBXFileReference; lastKnownFileType = sourcecode.swift; path = AsyncOperation.swift; sourceTree = "<group>"; };
		03D33E4323C41ABB009D08CA /* GifOperation.swift */ = {isa = PBXFileReference; lastKnownFileType = sourcecode.swift; path = GifOperation.swift; sourceTree = "<group>"; };
		03D33E4523C4371B009D08CA /* MovDocument.swift */ = {isa = PBXFileReference; lastKnownFileType = sourcecode.swift; path = MovDocument.swift; sourceTree = "<group>"; };
/* End PBXFileReference section */

/* Begin PBXFrameworksBuildPhase section */
		03A936A6235DD8A7001D3221 /* Frameworks */ = {
			isa = PBXFrameworksBuildPhase;
			buildActionMask = 2147483647;
			files = (
			);
			runOnlyForDeploymentPostprocessing = 0;
		};
		03A936B8235DD8A8001D3221 /* Frameworks */ = {
			isa = PBXFrameworksBuildPhase;
			buildActionMask = 2147483647;
			files = (
			);
			runOnlyForDeploymentPostprocessing = 0;
		};
		03A936C3235DD8A8001D3221 /* Frameworks */ = {
			isa = PBXFrameworksBuildPhase;
			buildActionMask = 2147483647;
			files = (
			);
			runOnlyForDeploymentPostprocessing = 0;
		};
/* End PBXFrameworksBuildPhase section */

/* Begin PBXGroup section */
		033A2DE923BA944C0070216A /* Resources */ = {
			isa = PBXGroup;
			children = (
				03A936B6235DD8A8001D3221 /* CrunchyGIF.entitlements */,
				034F7919236644780074218D /* ffmpeg.entitlements */,
				03A936DA235DDF06001D3221 /* ffmpeg */,
				03A936B0235DD8A8001D3221 /* Assets.xcassets */,
				03A936B2235DD8A8001D3221 /* Main.storyboard */,
				03A936B5235DD8A8001D3221 /* Info.plist */,
			);
			path = Resources;
			sourceTree = "<group>";
		};
		033A2DEA23BA946F0070216A /* Controllers */ = {
			isa = PBXGroup;
			children = (
				03A936D8235DDB4B001D3221 /* DashboardViewController.swift */,
				03D33E3B23BB0014009D08CA /* ProgressViewController.swift */,
				03D33E3D23BBB688009D08CA /* SettingsViewController.swift */,
			);
			path = Controllers;
			sourceTree = "<group>";
		};
		033A2DEB23BA948C0070216A /* Views */ = {
			isa = PBXGroup;
			children = (
				034F78D52364CC1D0074218D /* AspectFillImageView.swift */,
				036371152363E3E300858441 /* DragImageView.swift */,
				039F3F1923606DBC00BBD069 /* DropView.swift */,
			);
			path = Views;
			sourceTree = "<group>";
		};
		033A2DEC23BA94A50070216A /* Cells */ = {
			isa = PBXGroup;
			children = (
				036371112363DA4800858441 /* GifCollectionViewItem.swift */,
				036371122363DA4800858441 /* GifCollectionViewItem.xib */,
			);
			path = Cells;
			sourceTree = "<group>";
		};
		033A2DED23BA94B20070216A /* Helpers */ = {
			isa = PBXGroup;
			children = (
				039F3F1723606C6900BBD069 /* GifTools.swift */,
				033A2DEE23BA94C60070216A /* DragTools.swift */,
				03D33E4123C41A5B009D08CA /* AsyncOperation.swift */,
				03D33E4323C41ABB009D08CA /* GifOperation.swift */,
				03D33E4523C4371B009D08CA /* MovDocument.swift */,
			);
			path = Helpers;
			sourceTree = "<group>";
		};
		034F78FF236636E10074218D /* Frameworks */ = {
			isa = PBXGroup;
			children = (
			);
			name = Frameworks;
			sourceTree = "<group>";
		};
		03A936A0235DD8A7001D3221 = {
			isa = PBXGroup;
			children = (
				03A936AB235DD8A7001D3221 /* CrunchyGIF */,
				03A936BE235DD8A8001D3221 /* CrunchyGIFTests */,
				03A936C9235DD8A8001D3221 /* CrunchyGIFUITests */,
				03A936AA235DD8A7001D3221 /* Products */,
				034F78FF236636E10074218D /* Frameworks */,
			);
			sourceTree = "<group>";
		};
		03A936AA235DD8A7001D3221 /* Products */ = {
			isa = PBXGroup;
			children = (
				03A936A9235DD8A7001D3221 /* CrunchyGIF.app */,
				03A936BB235DD8A8001D3221 /* CrunchyGIFTests.xctest */,
				03A936C6235DD8A8001D3221 /* CrunchyGIFUITests.xctest */,
			);
			name = Products;
			sourceTree = "<group>";
		};
		03A936AB235DD8A7001D3221 /* CrunchyGIF */ = {
			isa = PBXGroup;
			children = (
				033A2DE923BA944C0070216A /* Resources */,
				03A936AC235DD8A7001D3221 /* AppDelegate.swift */,
				032D289323BAC1860058C07F /* Constants.swift */,
				033A2DEA23BA946F0070216A /* Controllers */,
				033A2DEC23BA94A50070216A /* Cells */,
				033A2DEB23BA948C0070216A /* Views */,
				033A2DED23BA94B20070216A /* Helpers */,
			);
			path = CrunchyGIF;
			sourceTree = "<group>";
		};
		03A936BE235DD8A8001D3221 /* CrunchyGIFTests */ = {
			isa = PBXGroup;
			children = (
				03A936BF235DD8A8001D3221 /* CrunchyGIFTests.swift */,
				03A936C1235DD8A8001D3221 /* Info.plist */,
			);
			path = CrunchyGIFTests;
			sourceTree = "<group>";
		};
		03A936C9235DD8A8001D3221 /* CrunchyGIFUITests */ = {
			isa = PBXGroup;
			children = (
				03A936CA235DD8A8001D3221 /* CrunchyGIFUITests.swift */,
				03A936CC235DD8A8001D3221 /* Info.plist */,
			);
			path = CrunchyGIFUITests;
			sourceTree = "<group>";
		};
/* End PBXGroup section */

/* Begin PBXNativeTarget section */
		03A936A8235DD8A7001D3221 /* CrunchyGIF */ = {
			isa = PBXNativeTarget;
			buildConfigurationList = 03A936CF235DD8A8001D3221 /* Build configuration list for PBXNativeTarget "CrunchyGIF" */;
			buildPhases = (
				03A936A5235DD8A7001D3221 /* Sources */,
				03A936A6235DD8A7001D3221 /* Frameworks */,
				03A936A7235DD8A7001D3221 /* Resources */,
				034F791C236649410074218D /* ShellScript */,
			);
			buildRules = (
			);
			dependencies = (
			);
			name = CrunchyGIF;
			productName = CrunchyGIF;
			productReference = 03A936A9235DD8A7001D3221 /* CrunchyGIF.app */;
			productType = "com.apple.product-type.application";
		};
		03A936BA235DD8A8001D3221 /* CrunchyGIFTests */ = {
			isa = PBXNativeTarget;
			buildConfigurationList = 03A936D2235DD8A8001D3221 /* Build configuration list for PBXNativeTarget "CrunchyGIFTests" */;
			buildPhases = (
				03A936B7235DD8A8001D3221 /* Sources */,
				03A936B8235DD8A8001D3221 /* Frameworks */,
				03A936B9235DD8A8001D3221 /* Resources */,
			);
			buildRules = (
			);
			dependencies = (
				03A936BD235DD8A8001D3221 /* PBXTargetDependency */,
			);
			name = CrunchyGIFTests;
			productName = CrunchyGIFTests;
			productReference = 03A936BB235DD8A8001D3221 /* CrunchyGIFTests.xctest */;
			productType = "com.apple.product-type.bundle.unit-test";
		};
		03A936C5235DD8A8001D3221 /* CrunchyGIFUITests */ = {
			isa = PBXNativeTarget;
			buildConfigurationList = 03A936D5235DD8A8001D3221 /* Build configuration list for PBXNativeTarget "CrunchyGIFUITests" */;
			buildPhases = (
				03A936C2235DD8A8001D3221 /* Sources */,
				03A936C3235DD8A8001D3221 /* Frameworks */,
				03A936C4235DD8A8001D3221 /* Resources */,
			);
			buildRules = (
			);
			dependencies = (
				03A936C8235DD8A8001D3221 /* PBXTargetDependency */,
			);
			name = CrunchyGIFUITests;
			productName = CrunchyGIFUITests;
			productReference = 03A936C6235DD8A8001D3221 /* CrunchyGIFUITests.xctest */;
			productType = "com.apple.product-type.bundle.ui-testing";
		};
/* End PBXNativeTarget section */

/* Begin PBXProject section */
		03A936A1235DD8A7001D3221 /* Project object */ = {
			isa = PBXProject;
			attributes = {
				LastSwiftUpdateCheck = 1030;
				LastUpgradeCheck = 1030;
				ORGANIZATIONNAME = "Josh Holtz";
				TargetAttributes = {
					03A936A8235DD8A7001D3221 = {
						CreatedOnToolsVersion = 10.3;
					};
					03A936BA235DD8A8001D3221 = {
						CreatedOnToolsVersion = 10.3;
						TestTargetID = 03A936A8235DD8A7001D3221;
					};
					03A936C5235DD8A8001D3221 = {
						CreatedOnToolsVersion = 10.3;
						TestTargetID = 03A936A8235DD8A7001D3221;
					};
				};
			};
			buildConfigurationList = 03A936A4235DD8A7001D3221 /* Build configuration list for PBXProject "CrunchyGIF" */;
			compatibilityVersion = "Xcode 9.3";
			developmentRegion = en;
			hasScannedForEncodings = 0;
			knownRegions = (
				en,
				Base,
			);
			mainGroup = 03A936A0235DD8A7001D3221;
			productRefGroup = 03A936AA235DD8A7001D3221 /* Products */;
			projectDirPath = "";
			projectRoot = "";
			targets = (
				03A936A8235DD8A7001D3221 /* CrunchyGIF */,
				03A936BA235DD8A8001D3221 /* CrunchyGIFTests */,
				03A936C5235DD8A8001D3221 /* CrunchyGIFUITests */,
			);
		};
/* End PBXProject section */

/* Begin PBXResourcesBuildPhase section */
		03A936A7235DD8A7001D3221 /* Resources */ = {
			isa = PBXResourcesBuildPhase;
			buildActionMask = 2147483647;
			files = (
				034F7918236642EC0074218D /* ffmpeg in Resources */,
				03A936B1235DD8A8001D3221 /* Assets.xcassets in Resources */,
				03A936B4235DD8A8001D3221 /* Main.storyboard in Resources */,
				034F791A236644780074218D /* ffmpeg.entitlements in Resources */,
				036371142363DA4800858441 /* GifCollectionViewItem.xib in Resources */,
			);
			runOnlyForDeploymentPostprocessing = 0;
		};
		03A936B9235DD8A8001D3221 /* Resources */ = {
			isa = PBXResourcesBuildPhase;
			buildActionMask = 2147483647;
			files = (
			);
			runOnlyForDeploymentPostprocessing = 0;
		};
		03A936C4235DD8A8001D3221 /* Resources */ = {
			isa = PBXResourcesBuildPhase;
			buildActionMask = 2147483647;
			files = (
			);
			runOnlyForDeploymentPostprocessing = 0;
		};
/* End PBXResourcesBuildPhase section */

/* Begin PBXShellScriptBuildPhase section */
		034F791C236649410074218D /* ShellScript */ = {
			isa = PBXShellScriptBuildPhase;
			buildActionMask = 2147483647;
			files = (
			);
			inputFileListPaths = (
			);
			inputPaths = (
			);
			outputFileListPaths = (
			);
			outputPaths = (
			);
			runOnlyForDeploymentPostprocessing = 0;
			shellPath = /bin/sh;
			shellScript = "OPTIONS=\"\"\nif [ \"${ENABLE_HARDENED_RUNTIME}\" == \"YES\" ]; then\n   OPTIONS=\"--options runtime \"\nfi\n\necho \"OPTIONS: $OPTIONS\"\n\ncodesign $OPTIONS-f -s \"${EXPANDED_CODE_SIGN_IDENTITY}\" --entitlements \"${BUILT_PRODUCTS_DIR}/${EXECUTABLE_NAME}.app/Contents/Resources/ffmpeg.entitlements\" \"${BUILT_PRODUCTS_DIR}/${EXECUTABLE_NAME}.app/Contents/Resources/ffmpeg\"\n";
		};
/* End PBXShellScriptBuildPhase section */

/* Begin PBXSourcesBuildPhase section */
		03A936A5235DD8A7001D3221 /* Sources */ = {
			isa = PBXSourcesBuildPhase;
			buildActionMask = 2147483647;
			files = (
				034F78D62364CC1D0074218D /* AspectFillImageView.swift in Sources */,
				03D33E4423C41ABB009D08CA /* GifOperation.swift in Sources */,
				033A2DEF23BA94C60070216A /* DragTools.swift in Sources */,
				03D33E3F23BBB688009D08CA /* SettingsViewController.swift in Sources */,
				03A936D9235DDB4B001D3221 /* DashboardViewController.swift in Sources */,
				03A936AD235DD8A7001D3221 /* AppDelegate.swift in Sources */,
				039F3F1823606C6900BBD069 /* GifTools.swift in Sources */,
				03D33E4623C4371B009D08CA /* MovDocument.swift in Sources */,
				03D33E3C23BB0014009D08CA /* ProgressViewController.swift in Sources */,
				036371162363E3E300858441 /* DragImageView.swift in Sources */,
				036371132363DA4800858441 /* GifCollectionViewItem.swift in Sources */,
				039F3F1A23606DBC00BBD069 /* DropView.swift in Sources */,
				03D33E4223C41A5B009D08CA /* AsyncOperation.swift in Sources */,
				032D289423BAC1860058C07F /* Constants.swift in Sources */,
			);
			runOnlyForDeploymentPostprocessing = 0;
		};
		03A936B7235DD8A8001D3221 /* Sources */ = {
			isa = PBXSourcesBuildPhase;
			buildActionMask = 2147483647;
			files = (
				03A936C0235DD8A8001D3221 /* CrunchyGIFTests.swift in Sources */,
			);
			runOnlyForDeploymentPostprocessing = 0;
		};
		03A936C2235DD8A8001D3221 /* Sources */ = {
			isa = PBXSourcesBuildPhase;
			buildActionMask = 2147483647;
			files = (
				03A936CB235DD8A8001D3221 /* CrunchyGIFUITests.swift in Sources */,
			);
			runOnlyForDeploymentPostprocessing = 0;
		};
/* End PBXSourcesBuildPhase section */

/* Begin PBXTargetDependency section */
		03A936BD235DD8A8001D3221 /* PBXTargetDependency */ = {
			isa = PBXTargetDependency;
			target = 03A936A8235DD8A7001D3221 /* CrunchyGIF */;
			targetProxy = 03A936BC235DD8A8001D3221 /* PBXContainerItemProxy */;
		};
		03A936C8235DD8A8001D3221 /* PBXTargetDependency */ = {
			isa = PBXTargetDependency;
			target = 03A936A8235DD8A7001D3221 /* CrunchyGIF */;
			targetProxy = 03A936C7235DD8A8001D3221 /* PBXContainerItemProxy */;
		};
/* End PBXTargetDependency section */

/* Begin PBXVariantGroup section */
		03A936B2235DD8A8001D3221 /* Main.storyboard */ = {
			isa = PBXVariantGroup;
			children = (
				03A936B3235DD8A8001D3221 /* Base */,
			);
			name = Main.storyboard;
			sourceTree = "<group>";
		};
/* End PBXVariantGroup section */

/* Begin XCBuildConfiguration section */
		034405EB23DFD2B7003E4757 /* ReleaseDeveloperID */ = {
			isa = XCBuildConfiguration;
			buildSettings = {
				ALWAYS_SEARCH_USER_PATHS = NO;
				CLANG_ANALYZER_NONNULL = YES;
				CLANG_ANALYZER_NUMBER_OBJECT_CONVERSION = YES_AGGRESSIVE;
				CLANG_CXX_LANGUAGE_STANDARD = "gnu++14";
				CLANG_CXX_LIBRARY = "libc++";
				CLANG_ENABLE_MODULES = YES;
				CLANG_ENABLE_OBJC_ARC = YES;
				CLANG_ENABLE_OBJC_WEAK = YES;
				CLANG_WARN_BLOCK_CAPTURE_AUTORELEASING = YES;
				CLANG_WARN_BOOL_CONVERSION = YES;
				CLANG_WARN_COMMA = YES;
				CLANG_WARN_CONSTANT_CONVERSION = YES;
				CLANG_WARN_DEPRECATED_OBJC_IMPLEMENTATIONS = YES;
				CLANG_WARN_DIRECT_OBJC_ISA_USAGE = YES_ERROR;
				CLANG_WARN_DOCUMENTATION_COMMENTS = YES;
				CLANG_WARN_EMPTY_BODY = YES;
				CLANG_WARN_ENUM_CONVERSION = YES;
				CLANG_WARN_INFINITE_RECURSION = YES;
				CLANG_WARN_INT_CONVERSION = YES;
				CLANG_WARN_NON_LITERAL_NULL_CONVERSION = YES;
				CLANG_WARN_OBJC_IMPLICIT_RETAIN_SELF = YES;
				CLANG_WARN_OBJC_LITERAL_CONVERSION = YES;
				CLANG_WARN_OBJC_ROOT_CLASS = YES_ERROR;
				CLANG_WARN_RANGE_LOOP_ANALYSIS = YES;
				CLANG_WARN_STRICT_PROTOTYPES = YES;
				CLANG_WARN_SUSPICIOUS_MOVE = YES;
				CLANG_WARN_UNGUARDED_AVAILABILITY = YES_AGGRESSIVE;
				CLANG_WARN_UNREACHABLE_CODE = YES;
				CLANG_WARN__DUPLICATE_METHOD_MATCH = YES;
				CODE_SIGN_IDENTITY = "Mac Developer";
				COPY_PHASE_STRIP = NO;
				DEBUG_INFORMATION_FORMAT = "dwarf-with-dsym";
				ENABLE_HARDENED_RUNTIME = YES;
				ENABLE_NS_ASSERTIONS = NO;
				ENABLE_STRICT_OBJC_MSGSEND = YES;
				GCC_C_LANGUAGE_STANDARD = gnu11;
				GCC_NO_COMMON_BLOCKS = YES;
				GCC_WARN_64_TO_32_BIT_CONVERSION = YES;
				GCC_WARN_ABOUT_RETURN_TYPE = YES_ERROR;
				GCC_WARN_UNDECLARED_SELECTOR = YES;
				GCC_WARN_UNINITIALIZED_AUTOS = YES_AGGRESSIVE;
				GCC_WARN_UNUSED_FUNCTION = YES;
				GCC_WARN_UNUSED_VARIABLE = YES;
				MACOSX_DEPLOYMENT_TARGET = 10.15;
				MTL_ENABLE_DEBUG_INFO = NO;
				MTL_FAST_MATH = YES;
				SDKROOT = macosx;
				SWIFT_COMPILATION_MODE = wholemodule;
				SWIFT_OPTIMIZATION_LEVEL = "-O";
			};
			name = ReleaseDeveloperID;
		};
		034405EC23DFD2B7003E4757 /* ReleaseDeveloperID */ = {
			isa = XCBuildConfiguration;
			buildSettings = {
				ASSETCATALOG_COMPILER_APPICON_NAME = AppIcon;
				CODE_SIGN_ENTITLEMENTS = CrunchyGIF/Resources/CrunchyGIF.entitlements;
				CODE_SIGN_IDENTITY = "Developer ID Application";
				CODE_SIGN_STYLE = Manual;
				COMBINE_HIDPI_IMAGES = YES;
				CURRENT_PROJECT_VERSION = 1580230164;
				DEVELOPMENT_TEAM = 972KS36P2U;
				ENABLE_HARDENED_RUNTIME = YES;
				INFOPLIST_FILE = CrunchyGIF/Resources/Info.plist;
				LD_RUNPATH_SEARCH_PATHS = (
					"$(inherited)",
					"@executable_path/../Frameworks",
				);
				MACOSX_DEPLOYMENT_TARGET = 10.14;
				MARKETING_VERSION = 1.1.2;
				OTHER_CODE_SIGN_FLAGS = "--deep";
				PRODUCT_BUNDLE_IDENTIFIER = com.joshholtz.CrunchyGIF;
				PRODUCT_NAME = "$(TARGET_NAME)";
				PROVISIONING_PROFILE_SPECIFIER = "match Developer ID com.joshholtz.CrunchyGIF macos";
				SWIFT_VERSION = 5.0;
			};
			name = ReleaseDeveloperID;
		};
		034405ED23DFD2B7003E4757 /* ReleaseDeveloperID */ = {
			isa = XCBuildConfiguration;
			buildSettings = {
				ALWAYS_EMBED_SWIFT_STANDARD_LIBRARIES = YES;
				BUNDLE_LOADER = "$(TEST_HOST)";
				CODE_SIGN_STYLE = Automatic;
				COMBINE_HIDPI_IMAGES = YES;
				CURRENT_PROJECT_VERSION = 1580230164;
				DEVELOPMENT_TEAM = 23485BDU6B;
				INFOPLIST_FILE = CrunchyGIFTests/Info.plist;
				LD_RUNPATH_SEARCH_PATHS = (
					"$(inherited)",
					"@executable_path/../Frameworks",
					"@loader_path/../Frameworks",
				);
				PRODUCT_BUNDLE_IDENTIFIER = com.joshholtz.CrunchyGIFTests;
				PRODUCT_NAME = "$(TARGET_NAME)";
				SWIFT_VERSION = 5.0;
				TEST_HOST = "$(BUILT_PRODUCTS_DIR)/CrunchyGIF.app/Contents/MacOS/CrunchyGIF";
			};
			name = ReleaseDeveloperID;
		};
		034405EE23DFD2B7003E4757 /* ReleaseDeveloperID */ = {
			isa = XCBuildConfiguration;
			buildSettings = {
				ALWAYS_EMBED_SWIFT_STANDARD_LIBRARIES = YES;
				CODE_SIGN_STYLE = Automatic;
				COMBINE_HIDPI_IMAGES = YES;
				CURRENT_PROJECT_VERSION = 1580230164;
				DEVELOPMENT_TEAM = 23485BDU6B;
				INFOPLIST_FILE = CrunchyGIFUITests/Info.plist;
				LD_RUNPATH_SEARCH_PATHS = (
					"$(inherited)",
					"@executable_path/../Frameworks",
					"@loader_path/../Frameworks",
				);
				PRODUCT_BUNDLE_IDENTIFIER = com.joshholtz.CrunchyGIFUITests;
				PRODUCT_NAME = "$(TARGET_NAME)";
				SWIFT_VERSION = 5.0;
				TEST_TARGET_NAME = CrunchyGIF;
			};
			name = ReleaseDeveloperID;
		};
		03A936CD235DD8A8001D3221 /* Debug */ = {
			isa = XCBuildConfiguration;
			buildSettings = {
				ALWAYS_SEARCH_USER_PATHS = NO;
				CLANG_ANALYZER_NONNULL = YES;
				CLANG_ANALYZER_NUMBER_OBJECT_CONVERSION = YES_AGGRESSIVE;
				CLANG_CXX_LANGUAGE_STANDARD = "gnu++14";
				CLANG_CXX_LIBRARY = "libc++";
				CLANG_ENABLE_MODULES = YES;
				CLANG_ENABLE_OBJC_ARC = YES;
				CLANG_ENABLE_OBJC_WEAK = YES;
				CLANG_WARN_BLOCK_CAPTURE_AUTORELEASING = YES;
				CLANG_WARN_BOOL_CONVERSION = YES;
				CLANG_WARN_COMMA = YES;
				CLANG_WARN_CONSTANT_CONVERSION = YES;
				CLANG_WARN_DEPRECATED_OBJC_IMPLEMENTATIONS = YES;
				CLANG_WARN_DIRECT_OBJC_ISA_USAGE = YES_ERROR;
				CLANG_WARN_DOCUMENTATION_COMMENTS = YES;
				CLANG_WARN_EMPTY_BODY = YES;
				CLANG_WARN_ENUM_CONVERSION = YES;
				CLANG_WARN_INFINITE_RECURSION = YES;
				CLANG_WARN_INT_CONVERSION = YES;
				CLANG_WARN_NON_LITERAL_NULL_CONVERSION = YES;
				CLANG_WARN_OBJC_IMPLICIT_RETAIN_SELF = YES;
				CLANG_WARN_OBJC_LITERAL_CONVERSION = YES;
				CLANG_WARN_OBJC_ROOT_CLASS = YES_ERROR;
				CLANG_WARN_RANGE_LOOP_ANALYSIS = YES;
				CLANG_WARN_STRICT_PROTOTYPES = YES;
				CLANG_WARN_SUSPICIOUS_MOVE = YES;
				CLANG_WARN_UNGUARDED_AVAILABILITY = YES_AGGRESSIVE;
				CLANG_WARN_UNREACHABLE_CODE = YES;
				CLANG_WARN__DUPLICATE_METHOD_MATCH = YES;
				CODE_SIGN_IDENTITY = "Mac Developer";
				COPY_PHASE_STRIP = NO;
				DEBUG_INFORMATION_FORMAT = dwarf;
				ENABLE_STRICT_OBJC_MSGSEND = YES;
				ENABLE_TESTABILITY = YES;
				GCC_C_LANGUAGE_STANDARD = gnu11;
				GCC_DYNAMIC_NO_PIC = NO;
				GCC_NO_COMMON_BLOCKS = YES;
				GCC_OPTIMIZATION_LEVEL = 0;
				GCC_PREPROCESSOR_DEFINITIONS = (
					"DEBUG=1",
					"$(inherited)",
				);
				GCC_WARN_64_TO_32_BIT_CONVERSION = YES;
				GCC_WARN_ABOUT_RETURN_TYPE = YES_ERROR;
				GCC_WARN_UNDECLARED_SELECTOR = YES;
				GCC_WARN_UNINITIALIZED_AUTOS = YES_AGGRESSIVE;
				GCC_WARN_UNUSED_FUNCTION = YES;
				GCC_WARN_UNUSED_VARIABLE = YES;
				MACOSX_DEPLOYMENT_TARGET = 10.15;
				MTL_ENABLE_DEBUG_INFO = INCLUDE_SOURCE;
				MTL_FAST_MATH = YES;
				ONLY_ACTIVE_ARCH = YES;
				SDKROOT = macosx;
				SWIFT_ACTIVE_COMPILATION_CONDITIONS = DEBUG;
				SWIFT_OPTIMIZATION_LEVEL = "-Onone";
			};
			name = Debug;
		};
		03A936CE235DD8A8001D3221 /* Release */ = {
			isa = XCBuildConfiguration;
			buildSettings = {
				ALWAYS_SEARCH_USER_PATHS = NO;
				CLANG_ANALYZER_NONNULL = YES;
				CLANG_ANALYZER_NUMBER_OBJECT_CONVERSION = YES_AGGRESSIVE;
				CLANG_CXX_LANGUAGE_STANDARD = "gnu++14";
				CLANG_CXX_LIBRARY = "libc++";
				CLANG_ENABLE_MODULES = YES;
				CLANG_ENABLE_OBJC_ARC = YES;
				CLANG_ENABLE_OBJC_WEAK = YES;
				CLANG_WARN_BLOCK_CAPTURE_AUTORELEASING = YES;
				CLANG_WARN_BOOL_CONVERSION = YES;
				CLANG_WARN_COMMA = YES;
				CLANG_WARN_CONSTANT_CONVERSION = YES;
				CLANG_WARN_DEPRECATED_OBJC_IMPLEMENTATIONS = YES;
				CLANG_WARN_DIRECT_OBJC_ISA_USAGE = YES_ERROR;
				CLANG_WARN_DOCUMENTATION_COMMENTS = YES;
				CLANG_WARN_EMPTY_BODY = YES;
				CLANG_WARN_ENUM_CONVERSION = YES;
				CLANG_WARN_INFINITE_RECURSION = YES;
				CLANG_WARN_INT_CONVERSION = YES;
				CLANG_WARN_NON_LITERAL_NULL_CONVERSION = YES;
				CLANG_WARN_OBJC_IMPLICIT_RETAIN_SELF = YES;
				CLANG_WARN_OBJC_LITERAL_CONVERSION = YES;
				CLANG_WARN_OBJC_ROOT_CLASS = YES_ERROR;
				CLANG_WARN_RANGE_LOOP_ANALYSIS = YES;
				CLANG_WARN_STRICT_PROTOTYPES = YES;
				CLANG_WARN_SUSPICIOUS_MOVE = YES;
				CLANG_WARN_UNGUARDED_AVAILABILITY = YES_AGGRESSIVE;
				CLANG_WARN_UNREACHABLE_CODE = YES;
				CLANG_WARN__DUPLICATE_METHOD_MATCH = YES;
				CODE_SIGN_IDENTITY = "Apple Distribution";
				COPY_PHASE_STRIP = NO;
				DEBUG_INFORMATION_FORMAT = "dwarf-with-dsym";
				ENABLE_NS_ASSERTIONS = NO;
				ENABLE_STRICT_OBJC_MSGSEND = YES;
				GCC_C_LANGUAGE_STANDARD = gnu11;
				GCC_NO_COMMON_BLOCKS = YES;
				GCC_WARN_64_TO_32_BIT_CONVERSION = YES;
				GCC_WARN_ABOUT_RETURN_TYPE = YES_ERROR;
				GCC_WARN_UNDECLARED_SELECTOR = YES;
				GCC_WARN_UNINITIALIZED_AUTOS = YES_AGGRESSIVE;
				GCC_WARN_UNUSED_FUNCTION = YES;
				GCC_WARN_UNUSED_VARIABLE = YES;
				MACOSX_DEPLOYMENT_TARGET = 10.15;
				MTL_ENABLE_DEBUG_INFO = NO;
				MTL_FAST_MATH = YES;
				SDKROOT = macosx;
				SWIFT_COMPILATION_MODE = wholemodule;
				SWIFT_OPTIMIZATION_LEVEL = "-O";
			};
			name = Release;
		};
		03A936D0235DD8A8001D3221 /* Debug */ = {
			isa = XCBuildConfiguration;
			buildSettings = {
				ASSETCATALOG_COMPILER_APPICON_NAME = AppIcon;
				CODE_SIGN_ENTITLEMENTS = CrunchyGIF/Resources/CrunchyGIF.entitlements;
				CODE_SIGN_IDENTITY = "-";
				CODE_SIGN_STYLE = Manual;
				COMBINE_HIDPI_IMAGES = YES;
				CURRENT_PROJECT_VERSION = 1580230164;
				DEVELOPMENT_TEAM = 972KS36P2U;
				ENABLE_HARDENED_RUNTIME = NO;
				INFOPLIST_FILE = CrunchyGIF/Resources/Info.plist;
				LD_RUNPATH_SEARCH_PATHS = (
					"$(inherited)",
					"@executable_path/../Frameworks",
				);
				MACOSX_DEPLOYMENT_TARGET = 10.14;
				MARKETING_VERSION = 1.1.2;
				OTHER_CODE_SIGN_FLAGS = "--deep";
				PRODUCT_BUNDLE_IDENTIFIER = com.joshholtz.CrunchyGIF;
				PRODUCT_NAME = "$(TARGET_NAME)";
				PROVISIONING_PROFILE_SPECIFIER = "";
				SWIFT_VERSION = 5.0;
			};
			name = Debug;
		};
		03A936D1235DD8A8001D3221 /* Release */ = {
			isa = XCBuildConfiguration;
			buildSettings = {
				ASSETCATALOG_COMPILER_APPICON_NAME = AppIcon;
				CODE_SIGN_ENTITLEMENTS = CrunchyGIF/Resources/CrunchyGIF.entitlements;
				CODE_SIGN_IDENTITY = "Apple Distribution";
				CODE_SIGN_STYLE = Manual;
				COMBINE_HIDPI_IMAGES = YES;
				CURRENT_PROJECT_VERSION = 1580230164;
				DEVELOPMENT_TEAM = 972KS36P2U;
				ENABLE_HARDENED_RUNTIME = NO;
				INFOPLIST_FILE = CrunchyGIF/Resources/Info.plist;
				LD_RUNPATH_SEARCH_PATHS = (
					"$(inherited)",
					"@executable_path/../Frameworks",
				);
				MACOSX_DEPLOYMENT_TARGET = 10.14;
				MARKETING_VERSION = 1.1.2;
				OTHER_CODE_SIGN_FLAGS = "--deep";
				PRODUCT_BUNDLE_IDENTIFIER = com.joshholtz.CrunchyGIF;
				PRODUCT_NAME = "$(TARGET_NAME)";
				PROVISIONING_PROFILE_SPECIFIER = "match AppStore com.joshholtz.CrunchyGIF macos";
				SWIFT_VERSION = 5.0;
			};
			name = Release;
		};
		03A936D3235DD8A8001D3221 /* Debug */ = {
			isa = XCBuildConfiguration;
			buildSettings = {
				ALWAYS_EMBED_SWIFT_STANDARD_LIBRARIES = YES;
				BUNDLE_LOADER = "$(TEST_HOST)";
				CODE_SIGN_STYLE = Automatic;
				COMBINE_HIDPI_IMAGES = YES;
				CURRENT_PROJECT_VERSION = 1580230164;
				DEVELOPMENT_TEAM = 23485BDU6B;
				INFOPLIST_FILE = CrunchyGIFTests/Info.plist;
				LD_RUNPATH_SEARCH_PATHS = (
					"$(inherited)",
					"@executable_path/../Frameworks",
					"@loader_path/../Frameworks",
				);
				PRODUCT_BUNDLE_IDENTIFIER = com.joshholtz.CrunchyGIFTests;
				PRODUCT_NAME = "$(TARGET_NAME)";
				SWIFT_VERSION = 5.0;
				TEST_HOST = "$(BUILT_PRODUCTS_DIR)/CrunchyGIF.app/Contents/MacOS/CrunchyGIF";
			};
			name = Debug;
		};
		03A936D4235DD8A8001D3221 /* Release */ = {
			isa = XCBuildConfiguration;
			buildSettings = {
				ALWAYS_EMBED_SWIFT_STANDARD_LIBRARIES = YES;
				BUNDLE_LOADER = "$(TEST_HOST)";
				CODE_SIGN_STYLE = Automatic;
				COMBINE_HIDPI_IMAGES = YES;
				CURRENT_PROJECT_VERSION = 1580230164;
				DEVELOPMENT_TEAM = 23485BDU6B;
				INFOPLIST_FILE = CrunchyGIFTests/Info.plist;
				LD_RUNPATH_SEARCH_PATHS = (
					"$(inherited)",
					"@executable_path/../Frameworks",
					"@loader_path/../Frameworks",
				);
				PRODUCT_BUNDLE_IDENTIFIER = com.joshholtz.CrunchyGIFTests;
				PRODUCT_NAME = "$(TARGET_NAME)";
				SWIFT_VERSION = 5.0;
				TEST_HOST = "$(BUILT_PRODUCTS_DIR)/CrunchyGIF.app/Contents/MacOS/CrunchyGIF";
			};
			name = Release;
		};
		03A936D6235DD8A8001D3221 /* Debug */ = {
			isa = XCBuildConfiguration;
			buildSettings = {
				ALWAYS_EMBED_SWIFT_STANDARD_LIBRARIES = YES;
				CODE_SIGN_STYLE = Automatic;
				COMBINE_HIDPI_IMAGES = YES;
				CURRENT_PROJECT_VERSION = 1580230164;
				DEVELOPMENT_TEAM = 23485BDU6B;
				INFOPLIST_FILE = CrunchyGIFUITests/Info.plist;
				LD_RUNPATH_SEARCH_PATHS = (
					"$(inherited)",
					"@executable_path/../Frameworks",
					"@loader_path/../Frameworks",
				);
				PRODUCT_BUNDLE_IDENTIFIER = com.joshholtz.CrunchyGIFUITests;
				PRODUCT_NAME = "$(TARGET_NAME)";
				SWIFT_VERSION = 5.0;
				TEST_TARGET_NAME = CrunchyGIF;
			};
			name = Debug;
		};
		03A936D7235DD8A8001D3221 /* Release */ = {
			isa = XCBuildConfiguration;
			buildSettings = {
				ALWAYS_EMBED_SWIFT_STANDARD_LIBRARIES = YES;
				CODE_SIGN_STYLE = Automatic;
				COMBINE_HIDPI_IMAGES = YES;
				CURRENT_PROJECT_VERSION = 1580230164;
				DEVELOPMENT_TEAM = 23485BDU6B;
				INFOPLIST_FILE = CrunchyGIFUITests/Info.plist;
				LD_RUNPATH_SEARCH_PATHS = (
					"$(inherited)",
					"@executable_path/../Frameworks",
					"@loader_path/../Frameworks",
				);
				PRODUCT_BUNDLE_IDENTIFIER = com.joshholtz.CrunchyGIFUITests;
				PRODUCT_NAME = "$(TARGET_NAME)";
				SWIFT_VERSION = 5.0;
				TEST_TARGET_NAME = CrunchyGIF;
			};
			name = Release;
		};
/* End XCBuildConfiguration section */

/* Begin XCConfigurationList section */
		03A936A4235DD8A7001D3221 /* Build configuration list for PBXProject "CrunchyGIF" */ = {
			isa = XCConfigurationList;
			buildConfigurations = (
				03A936CD235DD8A8001D3221 /* Debug */,
				03A936CE235DD8A8001D3221 /* Release */,
				034405EB23DFD2B7003E4757 /* ReleaseDeveloperID */,
			);
			defaultConfigurationIsVisible = 0;
			defaultConfigurationName = Release;
		};
		03A936CF235DD8A8001D3221 /* Build configuration list for PBXNativeTarget "CrunchyGIF" */ = {
			isa = XCConfigurationList;
			buildConfigurations = (
				03A936D0235DD8A8001D3221 /* Debug */,
				03A936D1235DD8A8001D3221 /* Release */,
				034405EC23DFD2B7003E4757 /* ReleaseDeveloperID */,
			);
			defaultConfigurationIsVisible = 0;
			defaultConfigurationName = Release;
		};
		03A936D2235DD8A8001D3221 /* Build configuration list for PBXNativeTarget "CrunchyGIFTests" */ = {
			isa = XCConfigurationList;
			buildConfigurations = (
				03A936D3235DD8A8001D3221 /* Debug */,
				03A936D4235DD8A8001D3221 /* Release */,
				034405ED23DFD2B7003E4757 /* ReleaseDeveloperID */,
			);
			defaultConfigurationIsVisible = 0;
			defaultConfigurationName = Release;
		};
		03A936D5235DD8A8001D3221 /* Build configuration list for PBXNativeTarget "CrunchyGIFUITests" */ = {
			isa = XCConfigurationList;
			buildConfigurations = (
				03A936D6235DD8A8001D3221 /* Debug */,
				03A936D7235DD8A8001D3221 /* Release */,
				034405EE23DFD2B7003E4757 /* ReleaseDeveloperID */,
			);
			defaultConfigurationIsVisible = 0;
			defaultConfigurationName = Release;
		};
/* End XCConfigurationList section */
	};
	rootObject = 03A936A1235DD8A7001D3221 /* Project object */;
}
